

Microsoft Visual Studio Solution File, Format Version 12.00
# Visual Studio Version 17
VisualStudioVersion = 17.11.35222.181
MinimumVisualStudioVersion = 10.0.40219.1
Project("{FAE04EC0-301F-11D3-BF4B-00C04F79EFBC}") = "ObslugaPlikow", "ObslugaPlikow\ObslugaPlikow.csproj", "{BAD5649C-D94E-4A9F-A2BA-832AE1F5752B}"
EndProject
Global
	GlobalSection(SolutionConfigurationPlatforms) = preSolution
		Debug|Any CPU = Debug|Any CPU
		Release|Any CPU = Release|Any CPU
	EndGlobalSection
	GlobalSection(ProjectConfigurationPlatforms) = postSolution
		{BAD5649C-D94E-4A9F-A2BA-832AE1F5752B}.Debug|Any CPU.ActiveCfg = Debug|Any CPU
		{BAD5649C-D94E-4A9F-A2BA-832AE1F5752B}.Debug|Any CPU.Build.0 = Debug|Any CPU
		{BAD5649C-D94E-4A9F-A2BA-832AE1F5752B}.Release|Any CPU.ActiveCfg = Release|Any CPU
		{BAD5649C-D94E-4A9F-A2BA-832AE1F5752B}.Release|Any CPU.Build.0 = Release|Any CPU
	EndGlobalSection
	GlobalSection(SolutionProperties) = preSolution
		HideSolutionNode = FALSE
	EndGlobalSection
	GlobalSection(ExtensibilityGlobals) = postSolution
		SolutionGuid = {3317F17D-F2F8-4FFF-A724-DA5ED4A8D10B}
	EndGlobalSection
EndGlobal
