
Microsoft Visual Studio Solution File, Format Version 12.00
# Visual Studio Version 17
VisualStudioVersion = 17.11.35222.181
MinimumVisualStudioVersion = 10.0.40219.1
Project("{FAE04EC0-301F-11D3-BF4B-00C04F79EFBC}") = "Aplikacja", "Aplikacja\Aplikacja.csproj", "{56FE1A24-591C-409A-A40C-2E332A2F1408}"
EndProject
Global
	GlobalSection(SolutionConfigurationPlatforms) = preSolution
		Debug|Any CPU = Debug|Any CPU
		Release|Any CPU = Release|Any CPU
	EndGlobalSection
	GlobalSection(ProjectConfigurationPlatforms) = postSolution
		{56FE1A24-591C-409A-A40C-2E332A2F1408}.Debug|Any CPU.ActiveCfg = Debug|Any CPU
		{56FE1A24-591C-409A-A40C-2E332A2F1408}.Debug|Any CPU.Build.0 = Debug|Any CPU
		{56FE1A24-591C-409A-A40C-2E332A2F1408}.Release|Any CPU.ActiveCfg = Release|Any CPU
		{56FE1A24-591C-409A-A40C-2E332A2F1408}.Release|Any CPU.Build.0 = Release|Any CPU
	EndGlobalSection
	GlobalSection(SolutionProperties) = preSolution
		HideSolutionNode = FALSE
	EndGlobalSection
	GlobalSection(ExtensibilityGlobals) = postSolution
		SolutionGuid = {0963A400-8047-4748-8F2D-A3BE273114AB}
	EndGlobalSection
EndGlobal
